
Microsoft Visual Studio Solution File, Format Version 12.00
# Visual Studio 15
VisualStudioVersion = 15.0.28010.2050
MinimumVisualStudioVersion = 10.0.40219.1
Project("{159641D6-6404-4A2A-AE62-294DE0FE8301}") = "ISP-Synapse", "ISP-Synapse\ISP-Synapse.dtproj", "{F253CD4F-E426-45FC-B00B-B08ECD3A299E}"
EndProject
Global
	GlobalSection(SolutionConfigurationPlatforms) = preSolution
		Development|Default = Development|Default
	EndGlobalSection
	GlobalSection(ProjectConfigurationPlatforms) = postSolution
		{F253CD4F-E426-45FC-B00B-B08ECD3A299E}.Development|Default.ActiveCfg = Development
		{F253CD4F-E426-45FC-B00B-B08ECD3A299E}.Development|Default.Build.0 = Development
	EndGlobalSection
	GlobalSection(SolutionProperties) = preSolution
		HideSolutionNode = FALSE
	EndGlobalSection
	GlobalSection(ExtensibilityGlobals) = postSolution
		SolutionGuid = {11A5D9DA-630A-45EC-9E56-C3C35BF5E32B}
	EndGlobalSection
EndGlobal
